# Generated by buf. DO NOT EDIT.
version: v1
deps:
  - remote: buf.build
    owner: cludden
    repository: protoc-gen-go-temporal
    commit: 284da6bc888c47cdb83957090995e5fb
    digest: shake256:eae6534bc0990a63f181e153933304d950142f4fde6e2b09f2b430ba1ba8ebc358bc49c42c5611e1c341bf25dd515a10e6190e4068ddfbde3a38a6de06b22127
